dependencies:
  idf:
    source:
      type: idf
    version: 5.5.3
  lvgl/lvgl:
    component_hash: 184e532558c1c45fefed631f3e235423d22582aafb4630f3e8885c35281a49ae
    dependencies: []
    source:
      registry_url: https://components.espressif.com/
      type: service
    version: 9.5.0
direct_dependencies:
- lvgl/lvgl
manifest_hash: d9a449ede118f123d453f7f67bf3bbcccbeadc4a6a6ce523c28878e1482b7df0
target: esp32
version: 2.0.0
